
Microsoft Visual Studio Solution File, Format Version 12.00
# Visual Studio Version 17
VisualStudioVersion = 17.0.31903.59
MinimumVisualStudioVersion = 10.0.40219.1
Project("{FAE04EC0-301F-11D3-BF4B-00C04F79EFBC}") = "GoodHabits.Client", "GoodHabits.Client\GoodHabits.Client.csproj", "{64DC1679-154C-4558-A782-CCDE2131EF90}"
EndProject
Project("{FAE04EC0-301F-11D3-BF4B-00C04F79EFBC}") = "GoodHabits.HabitService", "GoodHabits.HabitService\GoodHabits.HabitService.csproj", "{2F43F600-847D-4408-B568-2949306440E8}"
EndProject
Project("{FAE04EC0-301F-11D3-BF4B-00C04F79EFBC}") = "GoodHabits.Database", "GoodHabits.Database\GoodHabits.Database.csproj", "{277E7BD2-F142-4BBE-8E9A-552A745E8235}"
EndProject
Global
	GlobalSection(SolutionConfigurationPlatforms) = preSolution
		Debug|Any CPU = Debug|Any CPU
		Release|Any CPU = Release|Any CPU
	EndGlobalSection
	GlobalSection(SolutionProperties) = preSolution
		HideSolutionNode = FALSE
	EndGlobalSection
	GlobalSection(ProjectConfigurationPlatforms) = postSolution
		{64DC1679-154C-4558-A782-CCDE2131EF90}.Debug|Any CPU.ActiveCfg = Debug|Any CPU
		{64DC1679-154C-4558-A782-CCDE2131EF90}.Debug|Any CPU.Build.0 = Debug|Any CPU
		{64DC1679-154C-4558-A782-CCDE2131EF90}.Release|Any CPU.ActiveCfg = Release|Any CPU
		{64DC1679-154C-4558-A782-CCDE2131EF90}.Release|Any CPU.Build.0 = Release|Any CPU
		{2F43F600-847D-4408-B568-2949306440E8}.Debug|Any CPU.ActiveCfg = Debug|Any CPU
		{2F43F600-847D-4408-B568-2949306440E8}.Debug|Any CPU.Build.0 = Debug|Any CPU
		{2F43F600-847D-4408-B568-2949306440E8}.Release|Any CPU.ActiveCfg = Release|Any CPU
		{2F43F600-847D-4408-B568-2949306440E8}.Release|Any CPU.Build.0 = Release|Any CPU
		{277E7BD2-F142-4BBE-8E9A-552A745E8235}.Debug|Any CPU.ActiveCfg = Debug|Any CPU
		{277E7BD2-F142-4BBE-8E9A-552A745E8235}.Debug|Any CPU.Build.0 = Debug|Any CPU
		{277E7BD2-F142-4BBE-8E9A-552A745E8235}.Release|Any CPU.ActiveCfg = Release|Any CPU
		{277E7BD2-F142-4BBE-8E9A-552A745E8235}.Release|Any CPU.Build.0 = Release|Any CPU
	EndGlobalSection
EndGlobal
